
Microsoft Visual Studio Solution File, Format Version 11.00
# Visual Studio 2010
Project("{8BC9CEB8-8B4A-11D0-8D11-00A0C91BC942}") = "周赛", "周赛\周赛.vcxproj", "{A168C848-2703-4F2E-9D77-E97414E6BD65}"
EndProject
Global
	GlobalSection(SolutionConfigurationPlatforms) = preSolution
		Debug|Win32 = Debug|Win32
		Release|Win32 = Release|Win32
	EndGlobalSection
	GlobalSection(ProjectConfigurationPlatforms) = postSolution
		{A168C848-2703-4F2E-9D77-E97414E6BD65}.Debug|Win32.ActiveCfg = Debug|Win32
		{A168C848-2703-4F2E-9D77-E97414E6BD65}.Debug|Win32.Build.0 = Debug|Win32
		{A168C848-2703-4F2E-9D77-E97414E6BD65}.Release|Win32.ActiveCfg = Release|Win32
		{A168C848-2703-4F2E-9D77-E97414E6BD65}.Release|Win32.Build.0 = Release|Win32
	EndGlobalSection
	GlobalSection(SolutionProperties) = preSolution
		HideSolutionNode = FALSE
	EndGlobalSection
EndGlobal
