
Microsoft Visual Studio Solution File, Format Version 11.00
# Visual Studio 2010
Project("{8BC9CEB8-8B4A-11D0-8D11-00A0C91BC942}") = "x", "x\x.vcxproj", "{7B3C5BFB-C58E-41E3-BF33-F94A62FD261C}"
EndProject
Global
	GlobalSection(SolutionConfigurationPlatforms) = preSolution
		Debug|Win32 = Debug|Win32
		Release|Win32 = Release|Win32
	EndGlobalSection
	GlobalSection(ProjectConfigurationPlatforms) = postSolution
		{7B3C5BFB-C58E-41E3-BF33-F94A62FD261C}.Debug|Win32.ActiveCfg = Debug|Win32
		{7B3C5BFB-C58E-41E3-BF33-F94A62FD261C}.Debug|Win32.Build.0 = Debug|Win32
		{7B3C5BFB-C58E-41E3-BF33-F94A62FD261C}.Release|Win32.ActiveCfg = Release|Win32
		{7B3C5BFB-C58E-41E3-BF33-F94A62FD261C}.Release|Win32.Build.0 = Release|Win32
	EndGlobalSection
	GlobalSection(SolutionProperties) = preSolution
		HideSolutionNode = FALSE
	EndGlobalSection
EndGlobal
