:Base Recover4all-Professional.hlp>Main
1 首先须知
2 首先须知=Readthisfirst2@Recover4all-Professional.hlp>Main
2 介绍=Introduction@Recover4all-Professional.hlp>Main
1 如何使用
2 搜索已删除文件=Searchingdeletedfiles@Recover4all-Professional.hlp>Main
2 反删除文件=Undeletingfiles@Recover4all-Professional.hlp>Main
1 技术背景
2 技术说明=Specification@Recover4all-Professional.hlp>Main
2 可恢复文件=Recoverablefiles@Recover4all-Professional.hlp>Main
2 不可恢复文件=Unrecoverablefiles@Recover4all-Professional.hlp>Main
2 目标驱动器=Destinationdrives@Recover4all-Professional.hlp>Main
1 常见问答
2 我找不到已删除的文件=Icannotfindmydeletedfiles.@Recover4all-Professional.hlp>Main
2 我能恢复到光盘刻录机吗？=CanIrecovertoaCDwriter.@Recover4all-Professional.hlp>Main
2 我只有 C: 和 A:，已删除文件太大而无法保存到软盘中=IhaveonlyC.andA.andmydeletedfileistoolargeforafloppydisk.@Recover